
Microsoft Visual Studio Solution File, Format Version 12.00
# Visual Studio Version 16
VisualStudioVersion = 16.0.31229.75
MinimumVisualStudioVersion = 10.0.40219.1
Project("{2150E333-8FDC-42A3-9474-1A3956D46DE8}") = "01 CSharp Fundamentos", "01 CSharp Fundamentos", "{E169FF11-CEE0-404D-B71E-92FAEC4ACECB}"
EndProject
Project("{9A19103F-16F7-4668-BE54-9A1E7A4F7556}") = "Formacion.CSharp.ConsolaApp1", "Formacion.CSharp.ConsolaApp1\Formacion.CSharp.ConsolaApp1.csproj", "{28FC55E0-C1A8-4027-82C2-B3B3F49A7AF9}"
EndProject
Project("{2150E333-8FDC-42A3-9474-1A3956D46DE8}") = "99 Extras", "99 Extras", "{2A69570D-0260-4498-B66D-C1794621AA63}"
EndProject
Project("{9A19103F-16F7-4668-BE54-9A1E7A4F7556}") = "WebApplication1", "WebApplication1\WebApplication1.csproj", "{907D2623-80C6-415E-B38C-544CFC278B9B}"
EndProject
Project("{2150E333-8FDC-42A3-9474-1A3956D46DE8}") = "03 Linqu", "03 Linqu", "{5E5E5403-FC2F-44E5-9F13-CD60F6271A68}"
EndProject
Project("{9A19103F-16F7-4668-BE54-9A1E7A4F7556}") = "Formacion.CSharp.ConsoleAppDemos", "Formacion.CSharp.ConsoleAppDemos\Formacion.CSharp.ConsoleAppDemos.csproj", "{8891F59F-3942-4E77-9904-0410F8C60C71}"
EndProject
Project("{2150E333-8FDC-42A3-9474-1A3956D46DE8}") = "02 Colecciones", "02 Colecciones", "{AEB076D7-DC65-409E-A55A-A9EDC55FC80B}"
EndProject
Project("{FAE04EC0-301F-11D3-BF4B-00C04F79EFBC}") = "Formacion.CSharp.ConsoleAppDemo1", "Formacion.CSharp.ConsoleAppDemo1\Formacion.CSharp.ConsoleAppDemo1.csproj", "{23D098DD-7372-4022-BF76-C29C0C2123D8}"
EndProject
Global
	GlobalSection(SolutionConfigurationPlatforms) = preSolution
		Debug|Any CPU = Debug|Any CPU
		Release|Any CPU = Release|Any CPU
	EndGlobalSection
	GlobalSection(ProjectConfigurationPlatforms) = postSolution
		{28FC55E0-C1A8-4027-82C2-B3B3F49A7AF9}.Debug|Any CPU.ActiveCfg = Debug|Any CPU
		{28FC55E0-C1A8-4027-82C2-B3B3F49A7AF9}.Debug|Any CPU.Build.0 = Debug|Any CPU
		{28FC55E0-C1A8-4027-82C2-B3B3F49A7AF9}.Release|Any CPU.ActiveCfg = Release|Any CPU
		{28FC55E0-C1A8-4027-82C2-B3B3F49A7AF9}.Release|Any CPU.Build.0 = Release|Any CPU
		{907D2623-80C6-415E-B38C-544CFC278B9B}.Debug|Any CPU.ActiveCfg = Debug|Any CPU
		{907D2623-80C6-415E-B38C-544CFC278B9B}.Debug|Any CPU.Build.0 = Debug|Any CPU
		{907D2623-80C6-415E-B38C-544CFC278B9B}.Release|Any CPU.ActiveCfg = Release|Any CPU
		{907D2623-80C6-415E-B38C-544CFC278B9B}.Release|Any CPU.Build.0 = Release|Any CPU
		{8891F59F-3942-4E77-9904-0410F8C60C71}.Debug|Any CPU.ActiveCfg = Debug|Any CPU
		{8891F59F-3942-4E77-9904-0410F8C60C71}.Debug|Any CPU.Build.0 = Debug|Any CPU
		{8891F59F-3942-4E77-9904-0410F8C60C71}.Release|Any CPU.ActiveCfg = Release|Any CPU
		{8891F59F-3942-4E77-9904-0410F8C60C71}.Release|Any CPU.Build.0 = Release|Any CPU
		{23D098DD-7372-4022-BF76-C29C0C2123D8}.Debug|Any CPU.ActiveCfg = Debug|Any CPU
		{23D098DD-7372-4022-BF76-C29C0C2123D8}.Debug|Any CPU.Build.0 = Debug|Any CPU
		{23D098DD-7372-4022-BF76-C29C0C2123D8}.Release|Any CPU.ActiveCfg = Release|Any CPU
		{23D098DD-7372-4022-BF76-C29C0C2123D8}.Release|Any CPU.Build.0 = Release|Any CPU
	EndGlobalSection
	GlobalSection(SolutionProperties) = preSolution
		HideSolutionNode = FALSE
	EndGlobalSection
	GlobalSection(NestedProjects) = preSolution
		{28FC55E0-C1A8-4027-82C2-B3B3F49A7AF9} = {E169FF11-CEE0-404D-B71E-92FAEC4ACECB}
		{907D2623-80C6-415E-B38C-544CFC278B9B} = {2A69570D-0260-4498-B66D-C1794621AA63}
		{8891F59F-3942-4E77-9904-0410F8C60C71} = {5E5E5403-FC2F-44E5-9F13-CD60F6271A68}
		{23D098DD-7372-4022-BF76-C29C0C2123D8} = {AEB076D7-DC65-409E-A55A-A9EDC55FC80B}
	EndGlobalSection
	GlobalSection(ExtensibilityGlobals) = postSolution
		SolutionGuid = {BC99A3DB-9A3C-40C6-A520-EEF18B129C91}
	EndGlobalSection
EndGlobal
